
Microsoft Visual Studio Solution File, Format Version 12.00
# Visual Studio Version 17
VisualStudioVersion = 17.9.34728.123
MinimumVisualStudioVersion = 10.0.40219.1
Project("{FAE04EC0-301F-11D3-BF4B-00C04F79EFBC}") = "QuestPDF-Demo", "QuestPDF-Demo\QuestPDF-Demo.csproj", "{7DA37B12-282A-4543-9BAA-871C6776C952}"
EndProject
Global
	GlobalSection(SolutionConfigurationPlatforms) = preSolution
		Debug|Any CPU = Debug|Any CPU
		Release|Any CPU = Release|Any CPU
	EndGlobalSection
	GlobalSection(ProjectConfigurationPlatforms) = postSolution
		{7DA37B12-282A-4543-9BAA-871C6776C952}.Debug|Any CPU.ActiveCfg = Debug|Any CPU
		{7DA37B12-282A-4543-9BAA-871C6776C952}.Debug|Any CPU.Build.0 = Debug|Any CPU
		{7DA37B12-282A-4543-9BAA-871C6776C952}.Release|Any CPU.ActiveCfg = Release|Any CPU
		{7DA37B12-282A-4543-9BAA-871C6776C952}.Release|Any CPU.Build.0 = Release|Any CPU
	EndGlobalSection
	GlobalSection(SolutionProperties) = preSolution
		HideSolutionNode = FALSE
	EndGlobalSection
	GlobalSection(ExtensibilityGlobals) = postSolution
		SolutionGuid = {7FF5E57B-4A51-4F29-AF38-82DF5C9C261D}
	EndGlobalSection
EndGlobal
